{
  "dependencies": {
    "websocket": {
      "version": "1.0.17",
      "dependencies": {
        "debug": {
          "version": "2.1.3",
          "dependencies": {
            "ms": {
              "version": "0.7.0"
            }
          }
        },
        "nan": {
          "version": "1.0.0"
        },
        "typedarray-to-buffer": {
          "version": "3.0.4",
          "dependencies": {
            "is-typedarray": {
              "version": "1.0.0"
            }
          }
        }
      }
    }
  }
}
